{
  "name": "staruml-gen",
  "version": "1.0.0",
  "lockfileVersion": 1,
  "requires": true,
  "dependencies": {
    "abbrev": {
      "version": "1.1.1",
      "resolved": "https://registry.npmjs.org/abbrev/-/abbrev-1.1.1.tgz",
      "integrity": "sha512-nne9/IiQ/hzIhY6pdDnbBtz7DjPTKrY00P/zvPSm5pOFkl6xuGrGnXn/VtTNNfNtAfZ9/1RtehkszU9qcTii0Q=="
    },
    "balanced-match": {
      "version": "1.0.0",
      "resolved": "https://registry.npmjs.org/balanced-match/-/balanced-match-1.0.0.tgz",
      "integrity": "sha1-ibTRmasr7kneFk6gK4nORi1xt2c="
    },
    "brace-expansion": {
      "version": "1.1.11",
      "resolved": "https://registry.npmjs.org/brace-expansion/-/brace-expansion-1.1.11.tgz",
      "integrity": "sha512-iCuPHDFgrHX7H2vEI/5xpz07zSHB00TpugqhmYtVmMO6518mCuRMoOYFldEBl0g187ufozdaHgWKcYFb61qGiA==",
      "requires": {
        "balanced-match": "^1.0.0",
        "concat-map": "0.0.1"
      }
    },
    "concat-map": {
      "version": "0.0.1",
      "resolved": "https://registry.npmjs.org/concat-map/-/concat-map-0.0.1.tgz",
      "integrity": "sha1-2Klr13/Wjfd5OnMDajug1UBdR3s="
    },
    "ejs": {
      "version": "1.0.0",
      "resolved": "https://registry.npmjs.org/ejs/-/ejs-1.0.0.tgz",
      "integrity": "sha1-ycYKSKRu5FL7MqccMXuV5aofyz0="
    },
    "escape-html": {
      "version": "1.0.3",
      "resolved": "https://registry.npmjs.org/escape-html/-/escape-html-1.0.3.tgz",
      "integrity": "sha1-Aljq5NPQwJdN4cFpGI7wBR0dGYg="
    },
    "fs-extra": {
      "version": "0.12.0",
      "resolved": "https://registry.npmjs.org/fs-extra/-/fs-extra-0.12.0.tgz",
      "integrity": "sha1-QHz24RMh5EDWb5SG+6HMnrTCGGg=",
      "requires": {
        "jsonfile": "^2.0.0",
        "mkdirp": "^0.5.0",
        "ncp": "^0.6.0",
        "rimraf": "^2.2.8"
      }
    },
    "fs.realpath": {
      "version": "1.0.0",
      "resolved": "https://registry.npmjs.org/fs.realpath/-/fs.realpath-1.0.0.tgz",
      "integrity": "sha1-FQStJSMVjKpA20onh8sBQRmU6k8="
    },
    "glob": {
      "version": "7.1.2",
      "resolved": "https://registry.npmjs.org/glob/-/glob-7.1.2.tgz",
      "integrity": "sha512-MJTUg1kjuLeQCJ+ccE4Vpa6kKVXkPYJ2mOCQyUuKLcLQsdrMCpBPUi8qVE6+YuaJkozeA9NusTAw3hLr8Xe5EQ==",
      "requires": {
        "fs.realpath": "^1.0.0",
        "inflight": "^1.0.4",
        "inherits": "2",
        "minimatch": "^3.0.4",
        "once": "^1.3.0",
        "path-is-absolute": "^1.0.0"
      }
    },
    "graceful-fs": {
      "version": "4.1.11",
      "resolved": "https://registry.npmjs.org/graceful-fs/-/graceful-fs-4.1.11.tgz",
      "integrity": "sha1-Dovf5NHduIVNZOBOp8AOKgJuVlg=",
      "optional": true
    },
    "inflight": {
      "version": "1.0.6",
      "resolved": "https://registry.npmjs.org/inflight/-/inflight-1.0.6.tgz",
      "integrity": "sha1-Sb1jMdfQLQwJvJEKEHW6gWW1bfk=",
      "requires": {
        "once": "^1.3.0",
        "wrappy": "1"
      }
    },
    "inherits": {
      "version": "2.0.3",
      "resolved": "https://registry.npmjs.org/inherits/-/inherits-2.0.3.tgz",
      "integrity": "sha1-Yzwsg+PaQqUC9SRmAiSA9CCCYd4="
    },
    "jsonfile": {
      "version": "2.4.0",
      "resolved": "https://registry.npmjs.org/jsonfile/-/jsonfile-2.4.0.tgz",
      "integrity": "sha1-NzaitCi4e72gzIO1P6PWM6NcKug=",
      "requires": {
        "graceful-fs": "^4.1.6"
      }
    },
    "linebreak": {
      "version": "0.1.2",
      "resolved": "https://registry.npmjs.org/linebreak/-/linebreak-0.1.2.tgz",
      "integrity": "sha1-Z+8ttKRpiQLofrqaDuT4SQqnF+Y=",
      "requires": {
        "unicode-trie": "^0.1.1"
      }
    },
    "markdown": {
      "version": "0.5.0",
      "resolved": "https://registry.npmjs.org/markdown/-/markdown-0.5.0.tgz",
      "integrity": "sha1-KCBbVlqK51kt4gdGPWY33BgnIrI=",
      "requires": {
        "nopt": "~2.1.1"
      }
    },
    "metadata-json-oda": {
      "version": "0.9.16",
      "resolved": "https://registry.npmjs.org/metadata-json-oda/-/metadata-json-oda-0.9.16.tgz",
      "integrity": "sha512-pg33sxgV7/vt51pUsH0l4PoZvfwDuBRv100qOgZxzQhAOVudeOp2uAW0QxzWG7cTLPR4bnyR+sNtq7FsqOTQPw==",
      "requires": {
        "ejs": "^1.0.0",
        "escape-html": "1.0.3",
        "fs-extra": "0.12.0",
        "markdown": "0.5.0",
        "pdfkit": "0.7.1",
        "requirejs": "2.1.15",
        "underscore": "1.9.0"
      }
    },
    "minimatch": {
      "version": "3.0.4",
      "resolved": "https://registry.npmjs.org/minimatch/-/minimatch-3.0.4.tgz",
      "integrity": "sha512-yJHVQEhyqPLUTgt9B83PXu6W3rx4MvvHvSUvToogpwoGDOUQ+yDrR0HRot+yOCdCO7u4hX3pWft6kWBBcqh0UA==",
      "requires": {
        "brace-expansion": "^1.1.7"
      }
    },
    "minimist": {
      "version": "0.0.8",
      "resolved": "https://registry.npmjs.org/minimist/-/minimist-0.0.8.tgz",
      "integrity": "sha1-hX/Kv8M5fSYluCKCYuhqp6ARsF0="
    },
    "mkdirp": {
      "version": "0.5.1",
      "resolved": "https://registry.npmjs.org/mkdirp/-/mkdirp-0.5.1.tgz",
      "integrity": "sha1-MAV0OOrGz3+MR2fzhkjWaX11yQM=",
      "requires": {
        "minimist": "0.0.8"
      }
    },
    "ncp": {
      "version": "0.6.0",
      "resolved": "https://registry.npmjs.org/ncp/-/ncp-0.6.0.tgz",
      "integrity": "sha1-34zgIeJiviG1L+s9Plz6qxJJHw0="
    },
    "nopt": {
      "version": "2.1.2",
      "resolved": "https://registry.npmjs.org/nopt/-/nopt-2.1.2.tgz",
      "integrity": "sha1-bMzZd7gBMqB3MdbozljCyDA8+a8=",
      "requires": {
        "abbrev": "1"
      }
    },
    "once": {
      "version": "1.4.0",
      "resolved": "https://registry.npmjs.org/once/-/once-1.4.0.tgz",
      "integrity": "sha1-WDsap3WWHUsROsF9nFC6753Xa9E=",
      "requires": {
        "wrappy": "1"
      }
    },
    "path-is-absolute": {
      "version": "1.0.1",
      "resolved": "https://registry.npmjs.org/path-is-absolute/-/path-is-absolute-1.0.1.tgz",
      "integrity": "sha1-F0uSaHNVNP+8es5r9TpanhtcX18="
    },
    "pdfkit": {
      "version": "0.7.1",
      "resolved": "https://registry.npmjs.org/pdfkit/-/pdfkit-0.7.1.tgz",
      "integrity": "sha1-m9Qd3zPnV9UTUhFbMq5WEShpBVs=",
      "requires": {
        "linebreak": "~0.1.0",
        "png-js": ">=0.1.0"
      }
    },
    "png-js": {
      "version": "0.1.1",
      "resolved": "https://registry.npmjs.org/png-js/-/png-js-0.1.1.tgz",
      "integrity": "sha1-HMfCEjA6yr50Jj7DrHgAlYAkLZM="
    },
    "requirejs": {
      "version": "2.1.15",
      "resolved": "https://registry.npmjs.org/requirejs/-/requirejs-2.1.15.tgz",
      "integrity": "sha1-y8/OVdWErlmDwAog2qjq3jfRiJI="
    },
    "rimraf": {
      "version": "2.6.2",
      "resolved": "https://registry.npmjs.org/rimraf/-/rimraf-2.6.2.tgz",
      "integrity": "sha512-lreewLK/BlghmxtfH36YYVg1i8IAce4TI7oao75I1g245+6BctqTVQiBP3YUJ9C6DQOXJmkYR9X9fCLtCOJc5w==",
      "requires": {
        "glob": "^7.0.5"
      }
    },
    "underscore": {
      "version": "1.9.0",
      "resolved": "https://registry.npmjs.org/underscore/-/underscore-1.9.0.tgz",
      "integrity": "sha512-4IV1DSSxC1QK48j9ONFK1MoIAKKkbE8i7u55w2R6IqBqbT7A/iG7aZBCR2Bi8piF0Uz+i/MG1aeqLwl/5vqF+A=="
    },
    "unicode-trie": {
      "version": "0.1.2",
      "resolved": "https://registry.npmjs.org/unicode-trie/-/unicode-trie-0.1.2.tgz",
      "integrity": "sha1-vTxSi8M2DK/fcfCGPL7Cn8DoTsg="
    },
    "wrappy": {
      "version": "1.0.2",
      "resolved": "https://registry.npmjs.org/wrappy/-/wrappy-1.0.2.tgz",
      "integrity": "sha1-tSQ9jz7BqjXxNkYFvA0QNuMKtp8="
    }
  }
}
